<?xml version="1.0" encoding="utf-8"?>
<Project ToolsVersion="4.0" xmlns="http://schemas.microsoft.com/developer/msbuild/2003">
  <ItemGroup>
    <Filter Include="Source Files">
      <UniqueIdentifier>{4FC737F1-C7A5-4376-A066-2A32D752A2FF}</UniqueIdentifier>
      <Extensions>cpp;c;cc;cxx;def;odl;idl;hpj;bat;asm;asmx</Extensions>
    </Filter>
    <Filter Include="Resource Files">
      <UniqueIdentifier>{67DA6AB6-F800-4c08-8B7A-83BB121AAD01}</UniqueIdentifier>
      <Extensions>rc;ico;cur;bmp;dlg;rc2;rct;bin;rgs;gif;jpg;jpeg;jpe;resx;tiff;tif;png;wav;mfcribbon-ms</Extensions>
    </Filter>
    <Filter Include="D3DApp">
      <UniqueIdentifier>{f7aa3793-d0ff-4fe5-8cd4-1a0a04762630}</UniqueIdentifier>
    </Filter>
    <Filter Include="D3DApp\DirectXTK">
      <UniqueIdentifier>{c727c999-3afe-4307-965f-cdad9c167018}</UniqueIdentifier>
    </Filter>
    <Filter Include="Source Files\Scenes">
      <UniqueIdentifier>{2bda8bf5-b857-44a2-8144-3bbc2bd7b339}</UniqueIdentifier>
    </Filter>
    <Filter Include="Source Files\Scenes\Shaders">
      <UniqueIdentifier>{9e4b38da-994f-4e26-ac06-a495d013280e}</UniqueIdentifier>
    </Filter>
    <Filter Include="Source Files\Scenes\Shaders\Skybox">
      <UniqueIdentifier>{fb5fad63-fdf1-45f4-af20-1b386efde339}</UniqueIdentifier>
    </Filter>
    <Filter Include="Source Files\Scenes\Shaders\Base">
      <UniqueIdentifier>{98c06d2d-c9f2-4850-8af5-1e9213880910}</UniqueIdentifier>
    </Filter>
    <Filter Include="D3DApp\TinyObjLoader">
      <UniqueIdentifier>{cab35f1e-a037-48bc-b421-e83acc01fcbe}</UniqueIdentifier>
    </Filter>
  </ItemGroup>
  <ItemGroup>
    <ClCompile Include="Main.cpp">
      <Filter>Source Files</Filter>
    </ClCompile>
    <ClCompile Include="D3DApp\XTime.cpp">
      <Filter>D3DApp</Filter>
    </ClCompile>
    <ClCompile Include="D3DApp\D3DApp.cpp">
      <Filter>D3DApp</Filter>
    </ClCompile>
    <ClCompile Include="D3DApp\DirectXTK\DDSTextureLoader.cpp">
      <Filter>D3DApp\DirectXTK</Filter>
    </ClCompile>
    <ClCompile Include="Scenes\GuineaPig.cpp">
      <Filter>Source Files\Scenes</Filter>
    </ClCompile>
    <ClCompile Include="D3DApp\DirectXTK\pch.cpp">
      <Filter>D3DApp\DirectXTK</Filter>
    </ClCompile>
    <ClCompile Include="D3DApp\D3DUtils.cpp">
      <Filter>D3DApp</Filter>
    </ClCompile>
    <ClCompile Include="D3DApp\TinyObjLoader\tiny_obj_loader.cc">
      <Filter>D3DApp\TinyObjLoader</Filter>
    </ClCompile>
    <ClCompile Include="D3DApp\GeoGen.cpp">
      <Filter>D3DApp</Filter>
    </ClCompile>
    <ClCompile Include="D3DApp\Waves.cpp">
      <Filter>D3DApp</Filter>
    </ClCompile>
  </ItemGroup>
  <ItemGroup>
    <ClInclude Include="D3DApp\D3DUtils.h">
      <Filter>D3DApp</Filter>
    </ClInclude>
    <ClInclude Include="D3DApp\XTime.h">
      <Filter>D3DApp</Filter>
    </ClInclude>
    <ClInclude Include="D3DApp\D3DApp.h">
      <Filter>D3DApp</Filter>
    </ClInclude>
    <ClInclude Include="D3DApp\DirectXTK\DDSTextureLoader.h">
      <Filter>D3DApp\DirectXTK</Filter>
    </ClInclude>
    <ClInclude Include="Scenes\GuineaPig.h">
      <Filter>Source Files\Scenes</Filter>
    </ClInclude>
    <ClInclude Include="D3DApp\DirectXTK\dds.h">
      <Filter>D3DApp\DirectXTK</Filter>
    </ClInclude>
    <ClInclude Include="D3DApp\DirectXTK\DirectXHelpers.h">
      <Filter>D3DApp\DirectXTK</Filter>
    </ClInclude>
    <ClInclude Include="D3DApp\DirectXTK\pch.h">
      <Filter>D3DApp\DirectXTK</Filter>
    </ClInclude>
    <ClInclude Include="D3DApp\DirectXTK\PlatformHelpers.h">
      <Filter>D3DApp\DirectXTK</Filter>
    </ClInclude>
    <ClInclude Include="D3DApp\TinyObjLoader\tiny_obj_loader.h">
      <Filter>D3DApp\TinyObjLoader</Filter>
    </ClInclude>
    <ClInclude Include="D3DApp\Defines.h">
      <Filter>D3DApp</Filter>
    </ClInclude>
    <ClInclude Include="D3DApp\GeoGen.h">
      <Filter>D3DApp</Filter>
    </ClInclude>
    <ClInclude Include="D3DApp\Waves.h">
      <Filter>D3DApp</Filter>
    </ClInclude>
  </ItemGroup>
  <ItemGroup>
    <FxCompile Include="Shaders\Base\Base.hlsl">
      <Filter>Source Files\Scenes\Shaders\Base</Filter>
    </FxCompile>
    <FxCompile Include="Shaders\Skybox\Skybox.hlsl">
      <Filter>Source Files\Scenes\Shaders\Skybox</Filter>
    </FxCompile>
    <FxCompile Include="Shaders\Base\Lighting.hlsl">
      <Filter>Source Files\Scenes\Shaders\Base</Filter>
    </FxCompile>
  </ItemGroup>
</Project>